
Microsoft Visual Studio Solution File, Format Version 12.00
# Visual Studio 2012
Project("{8BC9CEB8-8B4A-11D0-8D11-00A0C91BC942}") = "trackr", "trackr.vcxproj", "{7225F296-6161-41CD-8C55-84873D3A6326}"
EndProject
Project("{8BC9CEB8-8B4A-11D0-8D11-00A0C91BC942}") = "example", "..\..\..\client\cpp\example\example.vcxproj", "{F2F0C186-21E2-4586-8E96-06196D1B6B1A}"
EndProject
Project("{8BC9CEB8-8B4A-11D0-8D11-00A0C91BC942}") = "test_socket_server", "..\test_socket_server\test_socket_server.vcxproj", "{07035396-CB14-4292-89C9-A28CF5E2BAE8}"
EndProject
Global
	GlobalSection(SolutionConfigurationPlatforms) = preSolution
		Debug|Win32 = Debug|Win32
		Release|Win32 = Release|Win32
	EndGlobalSection
	GlobalSection(ProjectConfigurationPlatforms) = postSolution
		{7225F296-6161-41CD-8C55-84873D3A6326}.Debug|Win32.ActiveCfg = Debug|Win32
		{7225F296-6161-41CD-8C55-84873D3A6326}.Debug|Win32.Build.0 = Debug|Win32
		{7225F296-6161-41CD-8C55-84873D3A6326}.Release|Win32.ActiveCfg = Release|Win32
		{7225F296-6161-41CD-8C55-84873D3A6326}.Release|Win32.Build.0 = Release|Win32
		{F2F0C186-21E2-4586-8E96-06196D1B6B1A}.Debug|Win32.ActiveCfg = Debug|Win32
		{F2F0C186-21E2-4586-8E96-06196D1B6B1A}.Debug|Win32.Build.0 = Debug|Win32
		{F2F0C186-21E2-4586-8E96-06196D1B6B1A}.Release|Win32.ActiveCfg = Release|Win32
		{F2F0C186-21E2-4586-8E96-06196D1B6B1A}.Release|Win32.Build.0 = Release|Win32
		{07035396-CB14-4292-89C9-A28CF5E2BAE8}.Debug|Win32.ActiveCfg = Debug|Win32
		{07035396-CB14-4292-89C9-A28CF5E2BAE8}.Debug|Win32.Build.0 = Debug|Win32
		{07035396-CB14-4292-89C9-A28CF5E2BAE8}.Release|Win32.ActiveCfg = Release|Win32
		{07035396-CB14-4292-89C9-A28CF5E2BAE8}.Release|Win32.Build.0 = Release|Win32
	EndGlobalSection
	GlobalSection(SolutionProperties) = preSolution
		HideSolutionNode = FALSE
	EndGlobalSection
EndGlobal
